
Microsoft Visual Studio Solution File, Format Version 12.00
# Visual Studio 15
Project("{FAE04EC0-301F-11D3-BF4B-00C04F79EFBC}") = "Assembly-CSharp", "Assembly-CSharp.csproj", "{9F7AD9C1-12C4-D217-4260-444DDB6146DE}"
EndProject
Project("{FAE04EC0-301F-11D3-BF4B-00C04F79EFBC}") = "UnityEngine.UI", "UnityEngine.UI.csproj", "{3534DA9A-B299-7C03-63F9-58BE500F6E6A}"
EndProject
Project("{FAE04EC0-301F-11D3-BF4B-00C04F79EFBC}") = "Assembly-CSharp-firstpass", "Assembly-CSharp-firstpass.csproj", "{BC999BE0-1A0A-5885-E96A-C13894BE2288}"
EndProject
Project("{FAE04EC0-301F-11D3-BF4B-00C04F79EFBC}") = "UnityEditor.UI", "UnityEditor.UI.csproj", "{ECD28C27-E6C4-0DB4-4544-0AC54B83F752}"
EndProject
Global
	GlobalSection(SolutionConfigurationPlatforms) = preSolution
		Debug|Any CPU = Debug|Any CPU
		Release|Any CPU = Release|Any CPU
	EndGlobalSection
	GlobalSection(ProjectConfigurationPlatforms) = postSolution
		{9F7AD9C1-12C4-D217-4260-444DDB6146DE}.Debug|Any CPU.ActiveCfg = Debug|Any CPU
		{9F7AD9C1-12C4-D217-4260-444DDB6146DE}.Debug|Any CPU.Build.0 = Debug|Any CPU
		{9F7AD9C1-12C4-D217-4260-444DDB6146DE}.Release|Any CPU.ActiveCfg = Release|Any CPU
		{9F7AD9C1-12C4-D217-4260-444DDB6146DE}.Release|Any CPU.Build.0 = Release|Any CPU
		{3534DA9A-B299-7C03-63F9-58BE500F6E6A}.Debug|Any CPU.ActiveCfg = Debug|Any CPU
		{3534DA9A-B299-7C03-63F9-58BE500F6E6A}.Debug|Any CPU.Build.0 = Debug|Any CPU
		{3534DA9A-B299-7C03-63F9-58BE500F6E6A}.Release|Any CPU.ActiveCfg = Release|Any CPU
		{3534DA9A-B299-7C03-63F9-58BE500F6E6A}.Release|Any CPU.Build.0 = Release|Any CPU
		{BC999BE0-1A0A-5885-E96A-C13894BE2288}.Debug|Any CPU.ActiveCfg = Debug|Any CPU
		{BC999BE0-1A0A-5885-E96A-C13894BE2288}.Debug|Any CPU.Build.0 = Debug|Any CPU
		{BC999BE0-1A0A-5885-E96A-C13894BE2288}.Release|Any CPU.ActiveCfg = Release|Any CPU
		{BC999BE0-1A0A-5885-E96A-C13894BE2288}.Release|Any CPU.Build.0 = Release|Any CPU
		{ECD28C27-E6C4-0DB4-4544-0AC54B83F752}.Debug|Any CPU.ActiveCfg = Debug|Any CPU
		{ECD28C27-E6C4-0DB4-4544-0AC54B83F752}.Debug|Any CPU.Build.0 = Debug|Any CPU
		{ECD28C27-E6C4-0DB4-4544-0AC54B83F752}.Release|Any CPU.ActiveCfg = Release|Any CPU
		{ECD28C27-E6C4-0DB4-4544-0AC54B83F752}.Release|Any CPU.Build.0 = Release|Any CPU
	EndGlobalSection
	GlobalSection(SolutionProperties) = preSolution
		HideSolutionNode = FALSE
	EndGlobalSection
EndGlobal
